
Microsoft Visual Studio Solution File, Format Version 12.00
# Visual Studio Version 16
VisualStudioVersion = 16.0.31729.503
MinimumVisualStudioVersion = 10.0.40219.1
Project("{FAE04EC0-301F-11D3-BF4B-00C04F79EFBC}") = "Day 5", "Day 5\Day 5.csproj", "{960D2F7D-4CB4-4166-8F2F-0A06DA60FE2D}"
EndProject
Global
	GlobalSection(SolutionConfigurationPlatforms) = preSolution
		Debug|Any CPU = Debug|Any CPU
		Release|Any CPU = Release|Any CPU
	EndGlobalSection
	GlobalSection(ProjectConfigurationPlatforms) = postSolution
		{960D2F7D-4CB4-4166-8F2F-0A06DA60FE2D}.Debug|Any CPU.ActiveCfg = Debug|Any CPU
		{960D2F7D-4CB4-4166-8F2F-0A06DA60FE2D}.Debug|Any CPU.Build.0 = Debug|Any CPU
		{960D2F7D-4CB4-4166-8F2F-0A06DA60FE2D}.Release|Any CPU.ActiveCfg = Release|Any CPU
		{960D2F7D-4CB4-4166-8F2F-0A06DA60FE2D}.Release|Any CPU.Build.0 = Release|Any CPU
	EndGlobalSection
	GlobalSection(SolutionProperties) = preSolution
		HideSolutionNode = FALSE
	EndGlobalSection
	GlobalSection(ExtensibilityGlobals) = postSolution
		SolutionGuid = {2B745882-9DE6-4E81-9B33-242D697EA083}
	EndGlobalSection
EndGlobal
