
Microsoft Visual Studio Solution File, Format Version 12.00
# Visual Studio Version 16
VisualStudioVersion = 16.0.31729.503
MinimumVisualStudioVersion = 10.0.40219.1
Project("{FAE04EC0-301F-11D3-BF4B-00C04F79EFBC}") = "Day 18", "Day 18\Day 18.csproj", "{45A9B2B7-F311-4F60-A35F-1BDA821B7B8D}"
EndProject
Global
	GlobalSection(SolutionConfigurationPlatforms) = preSolution
		Debug|Any CPU = Debug|Any CPU
		Release|Any CPU = Release|Any CPU
	EndGlobalSection
	GlobalSection(ProjectConfigurationPlatforms) = postSolution
		{45A9B2B7-F311-4F60-A35F-1BDA821B7B8D}.Debug|Any CPU.ActiveCfg = Debug|Any CPU
		{45A9B2B7-F311-4F60-A35F-1BDA821B7B8D}.Debug|Any CPU.Build.0 = Debug|Any CPU
		{45A9B2B7-F311-4F60-A35F-1BDA821B7B8D}.Release|Any CPU.ActiveCfg = Release|Any CPU
		{45A9B2B7-F311-4F60-A35F-1BDA821B7B8D}.Release|Any CPU.Build.0 = Release|Any CPU
	EndGlobalSection
	GlobalSection(SolutionProperties) = preSolution
		HideSolutionNode = FALSE
	EndGlobalSection
	GlobalSection(ExtensibilityGlobals) = postSolution
		SolutionGuid = {FDE0FC61-849A-4CE5-B9DA-D6634C679E6F}
	EndGlobalSection
EndGlobal
