
Microsoft Visual Studio Solution File, Format Version 12.00
# Visual Studio Version 16
VisualStudioVersion = 16.0.31729.503
MinimumVisualStudioVersion = 10.0.40219.1
Project("{FAE04EC0-301F-11D3-BF4B-00C04F79EFBC}") = "Day 22", "Day 22\Day 22.csproj", "{D2462803-ADDA-43D8-9C07-E2FCB1850EF4}"
EndProject
Global
	GlobalSection(SolutionConfigurationPlatforms) = preSolution
		Debug|Any CPU = Debug|Any CPU
		Release|Any CPU = Release|Any CPU
	EndGlobalSection
	GlobalSection(ProjectConfigurationPlatforms) = postSolution
		{D2462803-ADDA-43D8-9C07-E2FCB1850EF4}.Debug|Any CPU.ActiveCfg = Debug|Any CPU
		{D2462803-ADDA-43D8-9C07-E2FCB1850EF4}.Debug|Any CPU.Build.0 = Debug|Any CPU
		{D2462803-ADDA-43D8-9C07-E2FCB1850EF4}.Release|Any CPU.ActiveCfg = Release|Any CPU
		{D2462803-ADDA-43D8-9C07-E2FCB1850EF4}.Release|Any CPU.Build.0 = Release|Any CPU
	EndGlobalSection
	GlobalSection(SolutionProperties) = preSolution
		HideSolutionNode = FALSE
	EndGlobalSection
	GlobalSection(ExtensibilityGlobals) = postSolution
		SolutionGuid = {FF01C192-8DD1-4439-B8B1-2BD9CA362DBC}
	EndGlobalSection
EndGlobal
