
Microsoft Visual Studio Solution File, Format Version 12.00
# Visual Studio Version 16
VisualStudioVersion = 16.0.31729.503
MinimumVisualStudioVersion = 10.0.40219.1
Project("{FAE04EC0-301F-11D3-BF4B-00C04F79EFBC}") = "Day 19", "Day 19\Day 19.csproj", "{6390A4BB-BA6C-42BE-ACD1-F118BDA1E7CF}"
EndProject
Global
	GlobalSection(SolutionConfigurationPlatforms) = preSolution
		Debug|Any CPU = Debug|Any CPU
		Release|Any CPU = Release|Any CPU
	EndGlobalSection
	GlobalSection(ProjectConfigurationPlatforms) = postSolution
		{6390A4BB-BA6C-42BE-ACD1-F118BDA1E7CF}.Debug|Any CPU.ActiveCfg = Debug|Any CPU
		{6390A4BB-BA6C-42BE-ACD1-F118BDA1E7CF}.Debug|Any CPU.Build.0 = Debug|Any CPU
		{6390A4BB-BA6C-42BE-ACD1-F118BDA1E7CF}.Release|Any CPU.ActiveCfg = Release|Any CPU
		{6390A4BB-BA6C-42BE-ACD1-F118BDA1E7CF}.Release|Any CPU.Build.0 = Release|Any CPU
	EndGlobalSection
	GlobalSection(SolutionProperties) = preSolution
		HideSolutionNode = FALSE
	EndGlobalSection
	GlobalSection(ExtensibilityGlobals) = postSolution
		SolutionGuid = {D3C4212B-B8FB-4714-992F-0D7D6968584C}
	EndGlobalSection
EndGlobal
